// !$*UTF8*$!
{
	archiveVersion = 1;
	classes = {
	};
	objectVersion = 46;
	objects = {

/* Begin PBXBuildFile section */
		11DD92DA16EF6BBC00347D4B /* Cocoa.framework in Frameworks */ = {isa = PBXBuildFile; fileRef = 11DD92D916EF6BBC00347D4B /* Cocoa.framework */; };
		11DD92E416EF6BBC00347D4B /* InfoPlist.strings in Resources */ = {isa = PBXBuildFile; fileRef = 11DD92E216EF6BBC00347D4B /* InfoPlist.strings */; };
		11DD92E616EF6BBC00347D4B /* main.m in Sources */ = {isa = PBXBuildFile; fileRef = 11DD92E516EF6BBC00347D4B /* main.m */; };
		11DD92EA16EF6BBC00347D4B /* Credits.rtf in Resources */ = {isa = PBXBuildFile; fileRef = 11DD92E816EF6BBC00347D4B /* Credits.rtf */; };
		11DD92ED16EF6BBC00347D4B /* AppDelegate.m in Sources */ = {isa = PBXBuildFile; fileRef = 11DD92EC16EF6BBC00347D4B /* AppDelegate.m */; };
		11DD92F016EF6BBD00347D4B /* MainMenu.xib in Resources */ = {isa = PBXBuildFile; fileRef = 11DD92EE16EF6BBD00347D4B /* MainMenu.xib */; };
		11DD92F816EF6BBD00347D4B /* SenTestingKit.framework in Frameworks */ = {isa = PBXBuildFile; fileRef = 11DD92F716EF6BBD00347D4B /* SenTestingKit.framework */; };
		11DD92F916EF6BBD00347D4B /* Cocoa.framework in Frameworks */ = {isa = PBXBuildFile; fileRef = 11DD92D916EF6BBC00347D4B /* Cocoa.framework */; };
		11DD930116EF6BBD00347D4B /* InfoPlist.strings in Resources */ = {isa = PBXBuildFile; fileRef = 11DD92FF16EF6BBD00347D4B /* InfoPlist.strings */; };
		11DD930416EF6BBD00347D4B /* RedmineClientTests.m in Sources */ = {isa = PBXBuildFile; fileRef = 11DD930316EF6BBD00347D4B /* RedmineClientTests.m */; };
		11DD932116EF6BED00347D4B /* AFHTTPClient.m in Sources */ = {isa = PBXBuildFile; fileRef = 11DD930F16EF6BED00347D4B /* AFHTTPClient.m */; };
		11DD932216EF6BED00347D4B /* AFHTTPRequestOperation.m in Sources */ = {isa = PBXBuildFile; fileRef = 11DD931116EF6BED00347D4B /* AFHTTPRequestOperation.m */; };
		11DD932316EF6BED00347D4B /* AFImageRequestOperation.m in Sources */ = {isa = PBXBuildFile; fileRef = 11DD931316EF6BED00347D4B /* AFImageRequestOperation.m */; };
		11DD932416EF6BED00347D4B /* AFJSONRequestOperation.m in Sources */ = {isa = PBXBuildFile; fileRef = 11DD931516EF6BED00347D4B /* AFJSONRequestOperation.m */; };
		11DD932516EF6BED00347D4B /* AFNetworkActivityIndicatorManager.m in Sources */ = {isa = PBXBuildFile; fileRef = 11DD931716EF6BED00347D4B /* AFNetworkActivityIndicatorManager.m */; };
		11DD932616EF6BED00347D4B /* AFPropertyListRequestOperation.m in Sources */ = {isa = PBXBuildFile; fileRef = 11DD931A16EF6BED00347D4B /* AFPropertyListRequestOperation.m */; };
		11DD932716EF6BED00347D4B /* AFURLConnectionOperation.m in Sources */ = {isa = PBXBuildFile; fileRef = 11DD931C16EF6BED00347D4B /* AFURLConnectionOperation.m */; };
		11DD932816EF6BED00347D4B /* AFXMLRequestOperation.m in Sources */ = {isa = PBXBuildFile; fileRef = 11DD931E16EF6BED00347D4B /* AFXMLRequestOperation.m */; };
		11DD932916EF6BED00347D4B /* UIImageView+AFNetworking.m in Sources */ = {isa = PBXBuildFile; fileRef = 11DD932016EF6BED00347D4B /* UIImageView+AFNetworking.m */; };
		11DD933216EF6C1800347D4B /* RedmineClient.m in Sources */ = {isa = PBXBuildFile; fileRef = 11DD932F16EF6C1800347D4B /* RedmineClient.m */; };
		11DD933416EF6C8F00347D4B /* SystemConfiguration.framework in Frameworks */ = {isa = PBXBuildFile; fileRef = 11DD933316EF6C8F00347D4B /* SystemConfiguration.framework */; };
		11DD934E16EF6E5700347D4B /* AssignedTo.m in Sources */ = {isa = PBXBuildFile; fileRef = 11DD933B16EF6E5700347D4B /* AssignedTo.m */; };
		11DD934F16EF6E5700347D4B /* Author.m in Sources */ = {isa = PBXBuildFile; fileRef = 11DD933D16EF6E5700347D4B /* Author.m */; };
		11DD935016EF6E5700347D4B /* FixedVersion.m in Sources */ = {isa = PBXBuildFile; fileRef = 11DD933F16EF6E5700347D4B /* FixedVersion.m */; };
		11DD935116EF6E5700347D4B /* Issue.m in Sources */ = {isa = PBXBuildFile; fileRef = 11DD934116EF6E5700347D4B /* Issue.m */; };
		11DD935316EF6E5700347D4B /* IssuesResponse.m in Sources */ = {isa = PBXBuildFile; fileRef = 11DD934516EF6E5700347D4B /* IssuesResponse.m */; };
		11DD935416EF6E5700347D4B /* Priority.m in Sources */ = {isa = PBXBuildFile; fileRef = 11DD934716EF6E5700347D4B /* Priority.m */; };
		11DD935516EF6E5700347D4B /* Project.m in Sources */ = {isa = PBXBuildFile; fileRef = 11DD934916EF6E5700347D4B /* Project.m */; };
		11DD935616EF6E5700347D4B /* Status.m in Sources */ = {isa = PBXBuildFile; fileRef = 11DD934B16EF6E5700347D4B /* Status.m */; };
		11DD935716EF6E5700347D4B /* Tracker.m in Sources */ = {isa = PBXBuildFile; fileRef = 11DD934D16EF6E5700347D4B /* Tracker.m */; };
		11DD935B16EF715500347D4B /* MainController.m in Sources */ = {isa = PBXBuildFile; fileRef = 11DD935916EF715400347D4B /* MainController.m */; };
		11DD935C16EF715500347D4B /* MainController.xib in Resources */ = {isa = PBXBuildFile; fileRef = 11DD935A16EF715500347D4B /* MainController.xib */; };
		11DD939116EF7C5200347D4B /* time.png in Resources */ = {isa = PBXBuildFile; fileRef = 11DD939016EF7C5200347D4B /* time.png */; };
		11DD939316EF7CB300347D4B /* refresh.png in Resources */ = {isa = PBXBuildFile; fileRef = 11DD939216EF7CB300347D4B /* refresh.png */; };
		11DD939516EF7D0500347D4B /* user.png in Resources */ = {isa = PBXBuildFile; fileRef = 11DD939416EF7D0500347D4B /* user.png */; };
		21399A51170B24B900F4D364 /* ItemProxy.m in Sources */ = {isa = PBXBuildFile; fileRef = 21399A50170B24B900F4D364 /* ItemProxy.m */; };
		21AF964F16FB0057003FBCEE /* PreferencesController.m in Sources */ = {isa = PBXBuildFile; fileRef = 21AF964D16FB0057003FBCEE /* PreferencesController.m */; };
		21AF965016FB0057003FBCEE /* PreferencesController.xib in Resources */ = {isa = PBXBuildFile; fileRef = 21AF964E16FB0057003FBCEE /* PreferencesController.xib */; };
/* End PBXBuildFile section */

/* Begin PBXContainerItemProxy section */
		11DD92FA16EF6BBD00347D4B /* PBXContainerItemProxy */ = {
			isa = PBXContainerItemProxy;
			containerPortal = 11DD92CC16EF6BBC00347D4B /* Project object */;
			proxyType = 1;
			remoteGlobalIDString = 11DD92D416EF6BBC00347D4B;
			remoteInfo = RedmineClient;
		};
/* End PBXContainerItemProxy section */

/* Begin PBXFileReference section */
		11DD92D516EF6BBC00347D4B /* RedmineClient.app */ = {isa = PBXFileReference; explicitFileType = wrapper.application; includeInIndex = 0; path = RedmineClient.app; sourceTree = BUILT_PRODUCTS_DIR; };
		11DD92D916EF6BBC00347D4B /* Cocoa.framework */ = {isa = PBXFileReference; lastKnownFileType = wrapper.framework; name = Cocoa.framework; path = System/Library/Frameworks/Cocoa.framework; sourceTree = SDKROOT; };
		11DD92DC16EF6BBC00347D4B /* AppKit.framework */ = {isa = PBXFileReference; lastKnownFileType = wrapper.framework; name = AppKit.framework; path = System/Library/Frameworks/AppKit.framework; sourceTree = SDKROOT; };
		11DD92DD16EF6BBC00347D4B /* CoreData.framework */ = {isa = PBXFileReference; lastKnownFileType = wrapper.framework; name = CoreData.framework; path = System/Library/Frameworks/CoreData.framework; sourceTree = SDKROOT; };
		11DD92DE16EF6BBC00347D4B /* Foundation.framework */ = {isa = PBXFileReference; lastKnownFileType = wrapper.framework; name = Foundation.framework; path = System/Library/Frameworks/Foundation.framework; sourceTree = SDKROOT; };
		11DD92E116EF6BBC00347D4B /* RedmineClient-Info.plist */ = {isa = PBXFileReference; lastKnownFileType = text.plist.xml; path = "RedmineClient-Info.plist"; sourceTree = "<group>"; };
		11DD92E316EF6BBC00347D4B /* en */ = {isa = PBXFileReference; lastKnownFileType = text.plist.strings; name = en; path = en.lproj/InfoPlist.strings; sourceTree = "<group>"; };
		11DD92E516EF6BBC00347D4B /* main.m */ = {isa = PBXFileReference; lastKnownFileType = sourcecode.c.objc; path = main.m; sourceTree = "<group>"; };
		11DD92E716EF6BBC00347D4B /* RedmineClient-Prefix.pch */ = {isa = PBXFileReference; lastKnownFileType = sourcecode.c.h; path = "RedmineClient-Prefix.pch"; sourceTree = "<group>"; };
		11DD92E916EF6BBC00347D4B /* en */ = {isa = PBXFileReference; lastKnownFileType = text.rtf; name = en; path = en.lproj/Credits.rtf; sourceTree = "<group>"; };
		11DD92EB16EF6BBC00347D4B /* AppDelegate.h */ = {isa = PBXFileReference; lastKnownFileType = sourcecode.c.h; path = AppDelegate.h; sourceTree = "<group>"; };
		11DD92EC16EF6BBC00347D4B /* AppDelegate.m */ = {isa = PBXFileReference; lastKnownFileType = sourcecode.c.objc; path = AppDelegate.m; sourceTree = "<group>"; };
		11DD92EF16EF6BBD00347D4B /* en */ = {isa = PBXFileReference; lastKnownFileType = file.xib; name = en; path = en.lproj/MainMenu.xib; sourceTree = "<group>"; };
		11DD92F616EF6BBD00347D4B /* RedmineClientTests.octest */ = {isa = PBXFileReference; explicitFileType = wrapper.cfbundle; includeInIndex = 0; path = RedmineClientTests.octest; sourceTree = BUILT_PRODUCTS_DIR; };
		11DD92F716EF6BBD00347D4B /* SenTestingKit.framework */ = {isa = PBXFileReference; lastKnownFileType = wrapper.framework; name = SenTestingKit.framework; path = Library/Frameworks/SenTestingKit.framework; sourceTree = DEVELOPER_DIR; };
		11DD92FE16EF6BBD00347D4B /* RedmineClientTests-Info.plist */ = {isa = PBXFileReference; lastKnownFileType = text.plist.xml; path = "RedmineClientTests-Info.plist"; sourceTree = "<group>"; };
		11DD930016EF6BBD00347D4B /* en */ = {isa = PBXFileReference; lastKnownFileType = text.plist.strings; name = en; path = en.lproj/InfoPlist.strings; sourceTree = "<group>"; };
		11DD930216EF6BBD00347D4B /* RedmineClientTests.h */ = {isa = PBXFileReference; lastKnownFileType = sourcecode.c.h; path = RedmineClientTests.h; sourceTree = "<group>"; };
		11DD930316EF6BBD00347D4B /* RedmineClientTests.m */ = {isa = PBXFileReference; lastKnownFileType = sourcecode.c.objc; path = RedmineClientTests.m; sourceTree = "<group>"; };
		11DD930E16EF6BED00347D4B /* AFHTTPClient.h */ = {isa = PBXFileReference; fileEncoding = 4; lastKnownFileType = sourcecode.c.h; path = AFHTTPClient.h; sourceTree = "<group>"; };
		11DD930F16EF6BED00347D4B /* AFHTTPClient.m */ = {isa = PBXFileReference; fileEncoding = 4; lastKnownFileType = sourcecode.c.objc; path = AFHTTPClient.m; sourceTree = "<group>"; };
		11DD931016EF6BED00347D4B /* AFHTTPRequestOperation.h */ = {isa = PBXFileReference; fileEncoding = 4; lastKnownFileType = sourcecode.c.h; path = AFHTTPRequestOperation.h; sourceTree = "<group>"; };
		11DD931116EF6BED00347D4B /* AFHTTPRequestOperation.m */ = {isa = PBXFileReference; fileEncoding = 4; lastKnownFileType = sourcecode.c.objc; path = AFHTTPRequestOperation.m; sourceTree = "<group>"; };
		11DD931216EF6BED00347D4B /* AFImageRequestOperation.h */ = {isa = PBXFileReference; fileEncoding = 4; lastKnownFileType = sourcecode.c.h; path = AFImageRequestOperation.h; sourceTree = "<group>"; };
		11DD931316EF6BED00347D4B /* AFImageRequestOperation.m */ = {isa = PBXFileReference; fileEncoding = 4; lastKnownFileType = sourcecode.c.objc; path = AFImageRequestOperation.m; sourceTree = "<group>"; };
		11DD931416EF6BED00347D4B /* AFJSONRequestOperation.h */ = {isa = PBXFileReference; fileEncoding = 4; lastKnownFileType = sourcecode.c.h; path = AFJSONRequestOperation.h; sourceTree = "<group>"; };
		11DD931516EF6BED00347D4B /* AFJSONRequestOperation.m */ = {isa = PBXFileReference; fileEncoding = 4; lastKnownFileType = sourcecode.c.objc; path = AFJSONRequestOperation.m; sourceTree = "<group>"; };
		11DD931616EF6BED00347D4B /* AFNetworkActivityIndicatorManager.h */ = {isa = PBXFileReference; fileEncoding = 4; lastKnownFileType = sourcecode.c.h; path = AFNetworkActivityIndicatorManager.h; sourceTree = "<group>"; };
		11DD931716EF6BED00347D4B /* AFNetworkActivityIndicatorManager.m */ = {isa = PBXFileReference; fileEncoding = 4; lastKnownFileType = sourcecode.c.objc; path = AFNetworkActivityIndicatorManager.m; sourceTree = "<group>"; };
		11DD931816EF6BED00347D4B /* AFNetworking.h */ = {isa = PBXFileReference; fileEncoding = 4; lastKnownFileType = sourcecode.c.h; path = AFNetworking.h; sourceTree = "<group>"; };
		11DD931916EF6BED00347D4B /* AFPropertyListRequestOperation.h */ = {isa = PBXFileReference; fileEncoding = 4; lastKnownFileType = sourcecode.c.h; path = AFPropertyListRequestOperation.h; sourceTree = "<group>"; };
		11DD931A16EF6BED00347D4B /* AFPropertyListRequestOperation.m */ = {isa = PBXFileReference; fileEncoding = 4; lastKnownFileType = sourcecode.c.objc; path = AFPropertyListRequestOperation.m; sourceTree = "<group>"; };
		11DD931B16EF6BED00347D4B /* AFURLConnectionOperation.h */ = {isa = PBXFileReference; fileEncoding = 4; lastKnownFileType = sourcecode.c.h; path = AFURLConnectionOperation.h; sourceTree = "<group>"; };
		11DD931C16EF6BED00347D4B /* AFURLConnectionOperation.m */ = {isa = PBXFileReference; fileEncoding = 4; lastKnownFileType = sourcecode.c.objc; path = AFURLConnectionOperation.m; sourceTree = "<group>"; };
		11DD931D16EF6BED00347D4B /* AFXMLRequestOperation.h */ = {isa = PBXFileReference; fileEncoding = 4; lastKnownFileType = sourcecode.c.h; path = AFXMLRequestOperation.h; sourceTree = "<group>"; };
		11DD931E16EF6BED00347D4B /* AFXMLRequestOperation.m */ = {isa = PBXFileReference; fileEncoding = 4; lastKnownFileType = sourcecode.c.objc; path = AFXMLRequestOperation.m; sourceTree = "<group>"; };
		11DD931F16EF6BED00347D4B /* UIImageView+AFNetworking.h */ = {isa = PBXFileReference; fileEncoding = 4; lastKnownFileType = sourcecode.c.h; path = "UIImageView+AFNetworking.h"; sourceTree = "<group>"; };
		11DD932016EF6BED00347D4B /* UIImageView+AFNetworking.m */ = {isa = PBXFileReference; fileEncoding = 4; lastKnownFileType = sourcecode.c.objc; path = "UIImageView+AFNetworking.m"; sourceTree = "<group>"; };
		11DD932E16EF6C1800347D4B /* RedmineClient.h */ = {isa = PBXFileReference; fileEncoding = 4; lastKnownFileType = sourcecode.c.h; path = RedmineClient.h; sourceTree = "<group>"; };
		11DD932F16EF6C1800347D4B /* RedmineClient.m */ = {isa = PBXFileReference; fileEncoding = 4; lastKnownFileType = sourcecode.c.objc; path = RedmineClient.m; sourceTree = "<group>"; };
		11DD933316EF6C8F00347D4B /* SystemConfiguration.framework */ = {isa = PBXFileReference; lastKnownFileType = wrapper.framework; name = SystemConfiguration.framework; path = System/Library/Frameworks/SystemConfiguration.framework; sourceTree = SDKROOT; };
		11DD933A16EF6E5700347D4B /* AssignedTo.h */ = {isa = PBXFileReference; fileEncoding = 4; lastKnownFileType = sourcecode.c.h; path = AssignedTo.h; sourceTree = "<group>"; };
		11DD933B16EF6E5700347D4B /* AssignedTo.m */ = {isa = PBXFileReference; fileEncoding = 4; lastKnownFileType = sourcecode.c.objc; path = AssignedTo.m; sourceTree = "<group>"; };
		11DD933C16EF6E5700347D4B /* Author.h */ = {isa = PBXFileReference; fileEncoding = 4; lastKnownFileType = sourcecode.c.h; path = Author.h; sourceTree = "<group>"; };
		11DD933D16EF6E5700347D4B /* Author.m */ = {isa = PBXFileReference; fileEncoding = 4; lastKnownFileType = sourcecode.c.objc; path = Author.m; sourceTree = "<group>"; };
		11DD933E16EF6E5700347D4B /* FixedVersion.h */ = {isa = PBXFileReference; fileEncoding = 4; lastKnownFileType = sourcecode.c.h; path = FixedVersion.h; sourceTree = "<group>"; };
		11DD933F16EF6E5700347D4B /* FixedVersion.m */ = {isa = PBXFileReference; fileEncoding = 4; lastKnownFileType = sourcecode.c.objc; path = FixedVersion.m; sourceTree = "<group>"; };
		11DD934016EF6E5700347D4B /* Issue.h */ = {isa = PBXFileReference; fileEncoding = 4; lastKnownFileType = sourcecode.c.h; path = Issue.h; sourceTree = "<group>"; };
		11DD934116EF6E5700347D4B /* Issue.m */ = {isa = PBXFileReference; fileEncoding = 4; lastKnownFileType = sourcecode.c.objc; path = Issue.m; sourceTree = "<group>"; };
		11DD934416EF6E5700347D4B /* IssuesResponse.h */ = {isa = PBXFileReference; fileEncoding = 4; lastKnownFileType = sourcecode.c.h; path = IssuesResponse.h; sourceTree = "<group>"; };
		11DD934516EF6E5700347D4B /* IssuesResponse.m */ = {isa = PBXFileReference; fileEncoding = 4; lastKnownFileType = sourcecode.c.objc; path = IssuesResponse.m; sourceTree = "<group>"; };
		11DD934616EF6E5700347D4B /* Priority.h */ = {isa = PBXFileReference; fileEncoding = 4; lastKnownFileType = sourcecode.c.h; path = Priority.h; sourceTree = "<group>"; };
		11DD934716EF6E5700347D4B /* Priority.m */ = {isa = PBXFileReference; fileEncoding = 4; lastKnownFileType = sourcecode.c.objc; path = Priority.m; sourceTree = "<group>"; };
		11DD934816EF6E5700347D4B /* Project.h */ = {isa = PBXFileReference; fileEncoding = 4; lastKnownFileType = sourcecode.c.h; path = Project.h; sourceTree = "<group>"; };
		11DD934916EF6E5700347D4B /* Project.m */ = {isa = PBXFileReference; fileEncoding = 4; lastKnownFileType = sourcecode.c.objc; path = Project.m; sourceTree = "<group>"; };
		11DD934A16EF6E5700347D4B /* Status.h */ = {isa = PBXFileReference; fileEncoding = 4; lastKnownFileType = sourcecode.c.h; path = Status.h; sourceTree = "<group>"; };
		11DD934B16EF6E5700347D4B /* Status.m */ = {isa = PBXFileReference; fileEncoding = 4; lastKnownFileType = sourcecode.c.objc; path = Status.m; sourceTree = "<group>"; };
		11DD934C16EF6E5700347D4B /* Tracker.h */ = {isa = PBXFileReference; fileEncoding = 4; lastKnownFileType = sourcecode.c.h; path = Tracker.h; sourceTree = "<group>"; };
		11DD934D16EF6E5700347D4B /* Tracker.m */ = {isa = PBXFileReference; fileEncoding = 4; lastKnownFileType = sourcecode.c.objc; path = Tracker.m; sourceTree = "<group>"; };
		11DD935816EF715400347D4B /* MainController.h */ = {isa = PBXFileReference; fileEncoding = 4; lastKnownFileType = sourcecode.c.h; path = MainController.h; sourceTree = "<group>"; };
		11DD935916EF715400347D4B /* MainController.m */ = {isa = PBXFileReference; fileEncoding = 4; lastKnownFileType = sourcecode.c.objc; path = MainController.m; sourceTree = "<group>"; };
		11DD935A16EF715500347D4B /* MainController.xib */ = {isa = PBXFileReference; fileEncoding = 4; lastKnownFileType = file.xib; path = MainController.xib; sourceTree = "<group>"; };
		11DD939016EF7C5200347D4B /* time.png */ = {isa = PBXFileReference; lastKnownFileType = image.png; path = time.png; sourceTree = "<group>"; };
		11DD939216EF7CB300347D4B /* refresh.png */ = {isa = PBXFileReference; lastKnownFileType = image.png; path = refresh.png; sourceTree = "<group>"; };
		11DD939416EF7D0500347D4B /* user.png */ = {isa = PBXFileReference; lastKnownFileType = image.png; path = user.png; sourceTree = "<group>"; };
		21399A4F170B24B900F4D364 /* ItemProxy.h */ = {isa = PBXFileReference; fileEncoding = 4; lastKnownFileType = sourcecode.c.h; path = ItemProxy.h; sourceTree = "<group>"; };
		21399A50170B24B900F4D364 /* ItemProxy.m */ = {isa = PBXFileReference; fileEncoding = 4; lastKnownFileType = sourcecode.c.objc; path = ItemProxy.m; sourceTree = "<group>"; };
		21AF964C16FB0057003FBCEE /* PreferencesController.h */ = {isa = PBXFileReference; fileEncoding = 4; lastKnownFileType = sourcecode.c.h; path = PreferencesController.h; sourceTree = "<group>"; };
		21AF964D16FB0057003FBCEE /* PreferencesController.m */ = {isa = PBXFileReference; fileEncoding = 4; lastKnownFileType = sourcecode.c.objc; path = PreferencesController.m; sourceTree = "<group>"; };
		21AF964E16FB0057003FBCEE /* PreferencesController.xib */ = {isa = PBXFileReference; fileEncoding = 4; lastKnownFileType = file.xib; path = PreferencesController.xib; sourceTree = "<group>"; };
/* End PBXFileReference section */

/* Begin PBXFrameworksBuildPhase section */
		11DD92D216EF6BBC00347D4B /* Frameworks */ = {
			isa = PBXFrameworksBuildPhase;
			buildActionMask = 2147483647;
			files = (
				11DD933416EF6C8F00347D4B /* SystemConfiguration.framework in Frameworks */,
				11DD92DA16EF6BBC00347D4B /* Cocoa.framework in Frameworks */,
			);
			runOnlyForDeploymentPostprocessing = 0;
		};
		11DD92F216EF6BBD00347D4B /* Frameworks */ = {
			isa = PBXFrameworksBuildPhase;
			buildActionMask = 2147483647;
			files = (
				11DD92F816EF6BBD00347D4B /* SenTestingKit.framework in Frameworks */,
				11DD92F916EF6BBD00347D4B /* Cocoa.framework in Frameworks */,
			);
			runOnlyForDeploymentPostprocessing = 0;
		};
/* End PBXFrameworksBuildPhase section */

/* Begin PBXGroup section */
		11DD92CA16EF6BBC00347D4B = {
			isa = PBXGroup;
			children = (
				11DD930D16EF6BED00347D4B /* AFNetworking */,
				11DD92DF16EF6BBC00347D4B /* RedmineClient */,
				11DD92FC16EF6BBD00347D4B /* RedmineClientTests */,
				11DD92D816EF6BBC00347D4B /* Frameworks */,
				11DD92D616EF6BBC00347D4B /* Products */,
			);
			sourceTree = "<group>";
		};
		11DD92D616EF6BBC00347D4B /* Products */ = {
			isa = PBXGroup;
			children = (
				11DD92D516EF6BBC00347D4B /* RedmineClient.app */,
				11DD92F616EF6BBD00347D4B /* RedmineClientTests.octest */,
			);
			name = Products;
			sourceTree = "<group>";
		};
		11DD92D816EF6BBC00347D4B /* Frameworks */ = {
			isa = PBXGroup;
			children = (
				11DD933316EF6C8F00347D4B /* SystemConfiguration.framework */,
				11DD92D916EF6BBC00347D4B /* Cocoa.framework */,
				11DD92F716EF6BBD00347D4B /* SenTestingKit.framework */,
				11DD92DB16EF6BBC00347D4B /* Other Frameworks */,
			);
			name = Frameworks;
			sourceTree = "<group>";
		};
		11DD92DB16EF6BBC00347D4B /* Other Frameworks */ = {
			isa = PBXGroup;
			children = (
				11DD92DC16EF6BBC00347D4B /* AppKit.framework */,
				11DD92DD16EF6BBC00347D4B /* CoreData.framework */,
				11DD92DE16EF6BBC00347D4B /* Foundation.framework */,
			);
			name = "Other Frameworks";
			sourceTree = "<group>";
		};
		11DD92DF16EF6BBC00347D4B /* RedmineClient */ = {
			isa = PBXGroup;
			children = (
				11DD933916EF6E5700347D4B /* Models */,
				21399A4F170B24B900F4D364 /* ItemProxy.h */,
				21399A50170B24B900F4D364 /* ItemProxy.m */,
				11DD932E16EF6C1800347D4B /* RedmineClient.h */,
				11DD932F16EF6C1800347D4B /* RedmineClient.m */,
				11DD935816EF715400347D4B /* MainController.h */,
				11DD935916EF715400347D4B /* MainController.m */,
				11DD935A16EF715500347D4B /* MainController.xib */,
				21AF964C16FB0057003FBCEE /* PreferencesController.h */,
				21AF964D16FB0057003FBCEE /* PreferencesController.m */,
				21AF964E16FB0057003FBCEE /* PreferencesController.xib */,
				11DD92EB16EF6BBC00347D4B /* AppDelegate.h */,
				11DD92EC16EF6BBC00347D4B /* AppDelegate.m */,
				11DD92EE16EF6BBD00347D4B /* MainMenu.xib */,
				11DD938F16EF7C5100347D4B /* Images */,
				11DD92E016EF6BBC00347D4B /* Supporting Files */,
			);
			path = RedmineClient;
			sourceTree = "<group>";
		};
		11DD92E016EF6BBC00347D4B /* Supporting Files */ = {
			isa = PBXGroup;
			children = (
				11DD92E116EF6BBC00347D4B /* RedmineClient-Info.plist */,
				11DD92E216EF6BBC00347D4B /* InfoPlist.strings */,
				11DD92E516EF6BBC00347D4B /* main.m */,
				11DD92E716EF6BBC00347D4B /* RedmineClient-Prefix.pch */,
				11DD92E816EF6BBC00347D4B /* Credits.rtf */,
			);
			name = "Supporting Files";
			sourceTree = "<group>";
		};
		11DD92FC16EF6BBD00347D4B /* RedmineClientTests */ = {
			isa = PBXGroup;
			children = (
				11DD930216EF6BBD00347D4B /* RedmineClientTests.h */,
				11DD930316EF6BBD00347D4B /* RedmineClientTests.m */,
				11DD92FD16EF6BBD00347D4B /* Supporting Files */,
			);
			path = RedmineClientTests;
			sourceTree = "<group>";
		};
		11DD92FD16EF6BBD00347D4B /* Supporting Files */ = {
			isa = PBXGroup;
			children = (
				11DD92FE16EF6BBD00347D4B /* RedmineClientTests-Info.plist */,
				11DD92FF16EF6BBD00347D4B /* InfoPlist.strings */,
			);
			name = "Supporting Files";
			sourceTree = "<group>";
		};
		11DD930D16EF6BED00347D4B /* AFNetworking */ = {
			isa = PBXGroup;
			children = (
				11DD930E16EF6BED00347D4B /* AFHTTPClient.h */,
				11DD930F16EF6BED00347D4B /* AFHTTPClient.m */,
				11DD931016EF6BED00347D4B /* AFHTTPRequestOperation.h */,
				11DD931116EF6BED00347D4B /* AFHTTPRequestOperation.m */,
				11DD931216EF6BED00347D4B /* AFImageRequestOperation.h */,
				11DD931316EF6BED00347D4B /* AFImageRequestOperation.m */,
				11DD931416EF6BED00347D4B /* AFJSONRequestOperation.h */,
				11DD931516EF6BED00347D4B /* AFJSONRequestOperation.m */,
				11DD931616EF6BED00347D4B /* AFNetworkActivityIndicatorManager.h */,
				11DD931716EF6BED00347D4B /* AFNetworkActivityIndicatorManager.m */,
				11DD931816EF6BED00347D4B /* AFNetworking.h */,
				11DD931916EF6BED00347D4B /* AFPropertyListRequestOperation.h */,
				11DD931A16EF6BED00347D4B /* AFPropertyListRequestOperation.m */,
				11DD931B16EF6BED00347D4B /* AFURLConnectionOperation.h */,
				11DD931C16EF6BED00347D4B /* AFURLConnectionOperation.m */,
				11DD931D16EF6BED00347D4B /* AFXMLRequestOperation.h */,
				11DD931E16EF6BED00347D4B /* AFXMLRequestOperation.m */,
				11DD931F16EF6BED00347D4B /* UIImageView+AFNetworking.h */,
				11DD932016EF6BED00347D4B /* UIImageView+AFNetworking.m */,
			);
			path = AFNetworking;
			sourceTree = "<group>";
		};
		11DD933916EF6E5700347D4B /* Models */ = {
			isa = PBXGroup;
			children = (
				11DD933A16EF6E5700347D4B /* AssignedTo.h */,
				11DD933B16EF6E5700347D4B /* AssignedTo.m */,
				11DD933C16EF6E5700347D4B /* Author.h */,
				11DD933D16EF6E5700347D4B /* Author.m */,
				11DD933E16EF6E5700347D4B /* FixedVersion.h */,
				11DD933F16EF6E5700347D4B /* FixedVersion.m */,
				11DD934016EF6E5700347D4B /* Issue.h */,
				11DD934116EF6E5700347D4B /* Issue.m */,
				11DD934416EF6E5700347D4B /* IssuesResponse.h */,
				11DD934516EF6E5700347D4B /* IssuesResponse.m */,
				11DD934616EF6E5700347D4B /* Priority.h */,
				11DD934716EF6E5700347D4B /* Priority.m */,
				11DD934816EF6E5700347D4B /* Project.h */,
				11DD934916EF6E5700347D4B /* Project.m */,
				11DD934A16EF6E5700347D4B /* Status.h */,
				11DD934B16EF6E5700347D4B /* Status.m */,
				11DD934C16EF6E5700347D4B /* Tracker.h */,
				11DD934D16EF6E5700347D4B /* Tracker.m */,
			);
			path = Models;
			sourceTree = "<group>";
		};
		11DD938F16EF7C5100347D4B /* Images */ = {
			isa = PBXGroup;
			children = (
				11DD939416EF7D0500347D4B /* user.png */,
				11DD939216EF7CB300347D4B /* refresh.png */,
				11DD939016EF7C5200347D4B /* time.png */,
			);
			path = Images;
			sourceTree = SOURCE_ROOT;
		};
/* End PBXGroup section */

/* Begin PBXNativeTarget section */
		11DD92D416EF6BBC00347D4B /* RedmineClient */ = {
			isa = PBXNativeTarget;
			buildConfigurationList = 11DD930716EF6BBD00347D4B /* Build configuration list for PBXNativeTarget "RedmineClient" */;
			buildPhases = (
				11DD92D116EF6BBC00347D4B /* Sources */,
				11DD92D216EF6BBC00347D4B /* Frameworks */,
				11DD92D316EF6BBC00347D4B /* Resources */,
			);
			buildRules = (
			);
			dependencies = (
			);
			name = RedmineClient;
			productName = RedmineClient;
			productReference = 11DD92D516EF6BBC00347D4B /* RedmineClient.app */;
			productType = "com.apple.product-type.application";
		};
		11DD92F516EF6BBD00347D4B /* RedmineClientTests */ = {
			isa = PBXNativeTarget;
			buildConfigurationList = 11DD930A16EF6BBD00347D4B /* Build configuration list for PBXNativeTarget "RedmineClientTests" */;
			buildPhases = (
				11DD92F116EF6BBD00347D4B /* Sources */,
				11DD92F216EF6BBD00347D4B /* Frameworks */,
				11DD92F316EF6BBD00347D4B /* Resources */,
				11DD92F416EF6BBD00347D4B /* ShellScript */,
			);
			buildRules = (
			);
			dependencies = (
				11DD92FB16EF6BBD00347D4B /* PBXTargetDependency */,
			);
			name = RedmineClientTests;
			productName = RedmineClientTests;
			productReference = 11DD92F616EF6BBD00347D4B /* RedmineClientTests.octest */;
			productType = "com.apple.product-type.bundle";
		};
/* End PBXNativeTarget section */

/* Begin PBXProject section */
		11DD92CC16EF6BBC00347D4B /* Project object */ = {
			isa = PBXProject;
			attributes = {
				LastUpgradeCheck = 0450;
				ORGANIZATIONNAME = Alexander;
			};
			buildConfigurationList = 11DD92CF16EF6BBC00347D4B /* Build configuration list for PBXProject "RedmineClient" */;
			compatibilityVersion = "Xcode 3.2";
			developmentRegion = English;
			hasScannedForEncodings = 0;
			knownRegions = (
				en,
			);
			mainGroup = 11DD92CA16EF6BBC00347D4B;
			productRefGroup = 11DD92D616EF6BBC00347D4B /* Products */;
			projectDirPath = "";
			projectRoot = "";
			targets = (
				11DD92D416EF6BBC00347D4B /* RedmineClient */,
				11DD92F516EF6BBD00347D4B /* RedmineClientTests */,
			);
		};
/* End PBXProject section */

/* Begin PBXResourcesBuildPhase section */
		11DD92D316EF6BBC00347D4B /* Resources */ = {
			isa = PBXResourcesBuildPhase;
			buildActionMask = 2147483647;
			files = (
				11DD92E416EF6BBC00347D4B /* InfoPlist.strings in Resources */,
				11DD92EA16EF6BBC00347D4B /* Credits.rtf in Resources */,
				11DD92F016EF6BBD00347D4B /* MainMenu.xib in Resources */,
				11DD935C16EF715500347D4B /* MainController.xib in Resources */,
				11DD939116EF7C5200347D4B /* time.png in Resources */,
				11DD939316EF7CB300347D4B /* refresh.png in Resources */,
				11DD939516EF7D0500347D4B /* user.png in Resources */,
				21AF965016FB0057003FBCEE /* PreferencesController.xib in Resources */,
			);
			runOnlyForDeploymentPostprocessing = 0;
		};
		11DD92F316EF6BBD00347D4B /* Resources */ = {
			isa = PBXResourcesBuildPhase;
			buildActionMask = 2147483647;
			files = (
				11DD930116EF6BBD00347D4B /* InfoPlist.strings in Resources */,
			);
			runOnlyForDeploymentPostprocessing = 0;
		};
/* End PBXResourcesBuildPhase section */

/* Begin PBXShellScriptBuildPhase section */
		11DD92F416EF6BBD00347D4B /* ShellScript */ = {
			isa = PBXShellScriptBuildPhase;
			buildActionMask = 2147483647;
			files = (
			);
			inputPaths = (
			);
			outputPaths = (
			);
			runOnlyForDeploymentPostprocessing = 0;
			shellPath = /bin/sh;
			shellScript = "# Run the unit tests in this test bundle.\n\"${SYSTEM_DEVELOPER_DIR}/Tools/RunUnitTests\"\n";
		};
/* End PBXShellScriptBuildPhase section */

/* Begin PBXSourcesBuildPhase section */
		11DD92D116EF6BBC00347D4B /* Sources */ = {
			isa = PBXSourcesBuildPhase;
			buildActionMask = 2147483647;
			files = (
				11DD92E616EF6BBC00347D4B /* main.m in Sources */,
				11DD92ED16EF6BBC00347D4B /* AppDelegate.m in Sources */,
				11DD932116EF6BED00347D4B /* AFHTTPClient.m in Sources */,
				11DD932216EF6BED00347D4B /* AFHTTPRequestOperation.m in Sources */,
				11DD932316EF6BED00347D4B /* AFImageRequestOperation.m in Sources */,
				11DD932416EF6BED00347D4B /* AFJSONRequestOperation.m in Sources */,
				11DD932516EF6BED00347D4B /* AFNetworkActivityIndicatorManager.m in Sources */,
				11DD932616EF6BED00347D4B /* AFPropertyListRequestOperation.m in Sources */,
				11DD932716EF6BED00347D4B /* AFURLConnectionOperation.m in Sources */,
				11DD932816EF6BED00347D4B /* AFXMLRequestOperation.m in Sources */,
				11DD932916EF6BED00347D4B /* UIImageView+AFNetworking.m in Sources */,
				11DD933216EF6C1800347D4B /* RedmineClient.m in Sources */,
				11DD934E16EF6E5700347D4B /* AssignedTo.m in Sources */,
				11DD934F16EF6E5700347D4B /* Author.m in Sources */,
				11DD935016EF6E5700347D4B /* FixedVersion.m in Sources */,
				11DD935116EF6E5700347D4B /* Issue.m in Sources */,
				11DD935316EF6E5700347D4B /* IssuesResponse.m in Sources */,
				11DD935416EF6E5700347D4B /* Priority.m in Sources */,
				11DD935516EF6E5700347D4B /* Project.m in Sources */,
				11DD935616EF6E5700347D4B /* Status.m in Sources */,
				11DD935716EF6E5700347D4B /* Tracker.m in Sources */,
				11DD935B16EF715500347D4B /* MainController.m in Sources */,
				21AF964F16FB0057003FBCEE /* PreferencesController.m in Sources */,
				21399A51170B24B900F4D364 /* ItemProxy.m in Sources */,
			);
			runOnlyForDeploymentPostprocessing = 0;
		};
		11DD92F116EF6BBD00347D4B /* Sources */ = {
			isa = PBXSourcesBuildPhase;
			buildActionMask = 2147483647;
			files = (
				11DD930416EF6BBD00347D4B /* RedmineClientTests.m in Sources */,
			);
			runOnlyForDeploymentPostprocessing = 0;
		};
/* End PBXSourcesBuildPhase section */

/* Begin PBXTargetDependency section */
		11DD92FB16EF6BBD00347D4B /* PBXTargetDependency */ = {
			isa = PBXTargetDependency;
			target = 11DD92D416EF6BBC00347D4B /* RedmineClient */;
			targetProxy = 11DD92FA16EF6BBD00347D4B /* PBXContainerItemProxy */;
		};
/* End PBXTargetDependency section */

/* Begin PBXVariantGroup section */
		11DD92E216EF6BBC00347D4B /* InfoPlist.strings */ = {
			isa = PBXVariantGroup;
			children = (
				11DD92E316EF6BBC00347D4B /* en */,
			);
			name = InfoPlist.strings;
			sourceTree = "<group>";
		};
		11DD92E816EF6BBC00347D4B /* Credits.rtf */ = {
			isa = PBXVariantGroup;
			children = (
				11DD92E916EF6BBC00347D4B /* en */,
			);
			name = Credits.rtf;
			sourceTree = "<group>";
		};
		11DD92EE16EF6BBD00347D4B /* MainMenu.xib */ = {
			isa = PBXVariantGroup;
			children = (
				11DD92EF16EF6BBD00347D4B /* en */,
			);
			name = MainMenu.xib;
			sourceTree = "<group>";
		};
		11DD92FF16EF6BBD00347D4B /* InfoPlist.strings */ = {
			isa = PBXVariantGroup;
			children = (
				11DD930016EF6BBD00347D4B /* en */,
			);
			name = InfoPlist.strings;
			sourceTree = "<group>";
		};
/* End PBXVariantGroup section */

/* Begin XCBuildConfiguration section */
		11DD930516EF6BBD00347D4B /* Debug */ = {
			isa = XCBuildConfiguration;
			buildSettings = {
				ALWAYS_SEARCH_USER_PATHS = NO;
				ARCHS = "$(ARCHS_STANDARD_64_BIT)";
				CLANG_CXX_LANGUAGE_STANDARD = "gnu++0x";
				CLANG_CXX_LIBRARY = "libc++";
				CLANG_ENABLE_OBJC_ARC = YES;
				CLANG_WARN_EMPTY_BODY = YES;
				CLANG_WARN__DUPLICATE_METHOD_MATCH = YES;
				COPY_PHASE_STRIP = NO;
				GCC_C_LANGUAGE_STANDARD = gnu99;
				GCC_DYNAMIC_NO_PIC = NO;
				GCC_ENABLE_OBJC_EXCEPTIONS = YES;
				GCC_OPTIMIZATION_LEVEL = 0;
				GCC_PREPROCESSOR_DEFINITIONS = (
					"DEBUG=1",
					"$(inherited)",
				);
				GCC_SYMBOLS_PRIVATE_EXTERN = NO;
				GCC_WARN_64_TO_32_BIT_CONVERSION = YES;
				GCC_WARN_ABOUT_RETURN_TYPE = YES;
				GCC_WARN_UNINITIALIZED_AUTOS = YES;
				GCC_WARN_UNUSED_VARIABLE = YES;
				MACOSX_DEPLOYMENT_TARGET = 10.7;
				ONLY_ACTIVE_ARCH = YES;
				SDKROOT = macosx;
			};
			name = Debug;
		};
		11DD930616EF6BBD00347D4B /* Release */ = {
			isa = XCBuildConfiguration;
			buildSettings = {
				ALWAYS_SEARCH_USER_PATHS = NO;
				ARCHS = "$(ARCHS_STANDARD_64_BIT)";
				CLANG_CXX_LANGUAGE_STANDARD = "gnu++0x";
				CLANG_CXX_LIBRARY = "libc++";
				CLANG_ENABLE_OBJC_ARC = YES;
				CLANG_WARN_EMPTY_BODY = YES;
				CLANG_WARN__DUPLICATE_METHOD_MATCH = YES;
				COPY_PHASE_STRIP = YES;
				DEBUG_INFORMATION_FORMAT = "dwarf-with-dsym";
				GCC_C_LANGUAGE_STANDARD = gnu99;
				GCC_ENABLE_OBJC_EXCEPTIONS = YES;
				GCC_WARN_64_TO_32_BIT_CONVERSION = YES;
				GCC_WARN_ABOUT_RETURN_TYPE = YES;
				GCC_WARN_UNINITIALIZED_AUTOS = YES;
				GCC_WARN_UNUSED_VARIABLE = YES;
				MACOSX_DEPLOYMENT_TARGET = 10.7;
				SDKROOT = macosx;
			};
			name = Release;
		};
		11DD930816EF6BBD00347D4B /* Debug */ = {
			isa = XCBuildConfiguration;
			buildSettings = {
				COMBINE_HIDPI_IMAGES = YES;
				GCC_PRECOMPILE_PREFIX_HEADER = YES;
				GCC_PREFIX_HEADER = "RedmineClient/RedmineClient-Prefix.pch";
				INFOPLIST_FILE = "RedmineClient/RedmineClient-Info.plist";
				PRODUCT_NAME = "$(TARGET_NAME)";
				WRAPPER_EXTENSION = app;
			};
			name = Debug;
		};
		11DD930916EF6BBD00347D4B /* Release */ = {
			isa = XCBuildConfiguration;
			buildSettings = {
				COMBINE_HIDPI_IMAGES = YES;
				GCC_PRECOMPILE_PREFIX_HEADER = YES;
				GCC_PREFIX_HEADER = "RedmineClient/RedmineClient-Prefix.pch";
				INFOPLIST_FILE = "RedmineClient/RedmineClient-Info.plist";
				PRODUCT_NAME = "$(TARGET_NAME)";
				WRAPPER_EXTENSION = app;
			};
			name = Release;
		};
		11DD930B16EF6BBD00347D4B /* Debug */ = {
			isa = XCBuildConfiguration;
			buildSettings = {
				BUNDLE_LOADER = "$(BUILT_PRODUCTS_DIR)/RedmineClient.app/Contents/MacOS/RedmineClient";
				COMBINE_HIDPI_IMAGES = YES;
				FRAMEWORK_SEARCH_PATHS = "\"$(DEVELOPER_LIBRARY_DIR)/Frameworks\"";
				GCC_PRECOMPILE_PREFIX_HEADER = YES;
				GCC_PREFIX_HEADER = "RedmineClient/RedmineClient-Prefix.pch";
				INFOPLIST_FILE = "RedmineClientTests/RedmineClientTests-Info.plist";
				PRODUCT_NAME = "$(TARGET_NAME)";
				TEST_HOST = "$(BUNDLE_LOADER)";
				WRAPPER_EXTENSION = octest;
			};
			name = Debug;
		};
		11DD930C16EF6BBD00347D4B /* Release */ = {
			isa = XCBuildConfiguration;
			buildSettings = {
				BUNDLE_LOADER = "$(BUILT_PRODUCTS_DIR)/RedmineClient.app/Contents/MacOS/RedmineClient";
				COMBINE_HIDPI_IMAGES = YES;
				FRAMEWORK_SEARCH_PATHS = "\"$(DEVELOPER_LIBRARY_DIR)/Frameworks\"";
				GCC_PRECOMPILE_PREFIX_HEADER = YES;
				GCC_PREFIX_HEADER = "RedmineClient/RedmineClient-Prefix.pch";
				INFOPLIST_FILE = "RedmineClientTests/RedmineClientTests-Info.plist";
				PRODUCT_NAME = "$(TARGET_NAME)";
				TEST_HOST = "$(BUNDLE_LOADER)";
				WRAPPER_EXTENSION = octest;
			};
			name = Release;
		};
/* End XCBuildConfiguration section */

/* Begin XCConfigurationList section */
		11DD92CF16EF6BBC00347D4B /* Build configuration list for PBXProject "RedmineClient" */ = {
			isa = XCConfigurationList;
			buildConfigurations = (
				11DD930516EF6BBD00347D4B /* Debug */,
				11DD930616EF6BBD00347D4B /* Release */,
			);
			defaultConfigurationIsVisible = 0;
			defaultConfigurationName = Release;
		};
		11DD930716EF6BBD00347D4B /* Build configuration list for PBXNativeTarget "RedmineClient" */ = {
			isa = XCConfigurationList;
			buildConfigurations = (
				11DD930816EF6BBD00347D4B /* Debug */,
				11DD930916EF6BBD00347D4B /* Release */,
			);
			defaultConfigurationIsVisible = 0;
			defaultConfigurationName = Release;
		};
		11DD930A16EF6BBD00347D4B /* Build configuration list for PBXNativeTarget "RedmineClientTests" */ = {
			isa = XCConfigurationList;
			buildConfigurations = (
				11DD930B16EF6BBD00347D4B /* Debug */,
				11DD930C16EF6BBD00347D4B /* Release */,
			);
			defaultConfigurationIsVisible = 0;
			defaultConfigurationName = Release;
		};
/* End XCConfigurationList section */
	};
	rootObject = 11DD92CC16EF6BBC00347D4B /* Project object */;
}
